{
    __meta__ = {
        version = "1.0"
    },
    ["macosx|arm64"] = {
        ["ca-certificates#f56260b5"] = {
            repo = {
                branch = "master",
                commit = "de0ced6a54566244ad2e505722dbf049ced7f256",
                url = "https://gitlab.com/tboox/xmake-repo.git"
            },
            version = "20250131"
        },
        ["cmake#f56260b5"] = {
            repo = {
                branch = "master",
                commit = "de0ced6a54566244ad2e505722dbf049ced7f256",
                url = "https://gitlab.com/tboox/xmake-repo.git"
            },
            version = "4.1.2"
        },
        ["glfw#f56260b5"] = {
            repo = {
                branch = "master",
                commit = "de0ced6a54566244ad2e505722dbf049ced7f256",
                url = "https://gitlab.com/tboox/xmake-repo.git"
            },
            version = "3.4"
        },
        ["imgui 1.92.0-docking#7b57b7fb"] = {
            repo = {
                branch = "master",
                commit = "de0ced6a54566244ad2e505722dbf049ced7f256",
                url = "https://gitlab.com/tboox/xmake-repo.git"
            },
            version = "v1.92.0-docking"
        },
        ["libsoundio#f56260b5"] = {
            repo = {
                branch = "master",
                commit = "de0ced6a54566244ad2e505722dbf049ced7f256",
                url = "https://gitlab.com/tboox/xmake-repo.git"
            },
            version = "2.0.0"
        },
        ["meson#f56260b5"] = {
            repo = {
                branch = "master",
                commit = "de0ced6a54566244ad2e505722dbf049ced7f256",
                url = "https://gitlab.com/tboox/xmake-repo.git"
            },
            version = "1.9.1"
        },
        ["ninja#f56260b5"] = {
            repo = {
                branch = "master",
                commit = "de0ced6a54566244ad2e505722dbf049ced7f256",
                url = "https://gitlab.com/tboox/xmake-repo.git"
            },
            version = "1.13.1"
        },
        ["opengl#f56260b5"] = {
            repo = {
                branch = "master",
                commit = "de0ced6a54566244ad2e505722dbf049ced7f256",
                url = "https://gitlab.com/tboox/xmake-repo.git"
            },
            version = "latest"
        },
        ["openssl >=1.1.1-a#f56260b5"] = {
            repo = {
                branch = "master",
                commit = "de0ced6a54566244ad2e505722dbf049ced7f256",
                url = "https://gitlab.com/tboox/xmake-repo.git"
            },
            version = "1.1.1-w"
        },
        ["python 3.x#f56260b5"] = {
            repo = {
                branch = "master",
                commit = "de0ced6a54566244ad2e505722dbf049ced7f256",
                url = "https://gitlab.com/tboox/xmake-repo.git"
            },
            version = "3.14.0"
        },
        ["stb 2025.03.14#f56260b5"] = {
            repo = {
                branch = "master",
                commit = "de0ced6a54566244ad2e505722dbf049ced7f256",
                url = "https://gitlab.com/tboox/xmake-repo.git"
            },
            version = "2025.03.14"
        },
        ["thorvg v1.0-pre10#f56260b5"] = {
            repo = {
                branch = "master",
                commit = "de0ced6a54566244ad2e505722dbf049ced7f256",
                url = "https://gitlab.com/tboox/xmake-repo.git"
            },
            version = "v1.0-pre10"
        }
    },
    ["windows|x64"] = {
        ["cmake#f56260b5"] = {
            repo = {
                branch = "master",
                commit = "de0ced6a54566244ad2e505722dbf049ced7f256",
                url = "https://gitee.com/tboox/xmake-repo.git"
            },
            version = "4.1.2"
        },
        ["egl-headers#f56260b5"] = {
            repo = {
                branch = "master",
                commit = "de0ced6a54566244ad2e505722dbf049ced7f256",
                url = "https://gitee.com/tboox/xmake-repo.git"
            },
            version = "2023.12.16"
        },
        ["imgui 1.92.0-docking#af0acc26"] = {
            repo = {
                branch = "master",
                commit = "de0ced6a54566244ad2e505722dbf049ced7f256",
                url = "https://gitee.com/tboox/xmake-repo.git"
            },
            version = "v1.92.0-docking"
        },
        ["libsdl3#f56260b5"] = {
            repo = {
                branch = "master",
                commit = "de0ced6a54566244ad2e505722dbf049ced7f256",
                url = "https://gitee.com/tboox/xmake-repo.git"
            },
            version = "3.2.26"
        },
        ["libsoundio#f56260b5"] = {
            repo = {
                branch = "master",
                commit = "de0ced6a54566244ad2e505722dbf049ced7f256",
                url = "https://gitee.com/tboox/xmake-repo.git"
            },
            version = "2.0.0"
        },
        ["meson#f56260b5"] = {
            repo = {
                branch = "master",
                commit = "de0ced6a54566244ad2e505722dbf049ced7f256",
                url = "https://gitee.com/tboox/xmake-repo.git"
            },
            version = "1.9.0"
        },
        ["ninja#f56260b5"] = {
            repo = {
                branch = "master",
                commit = "de0ced6a54566244ad2e505722dbf049ced7f256",
                url = "https://gitee.com/tboox/xmake-repo.git"
            },
            version = "1.12.1"
        },
        ["opengl-headers#f56260b5"] = {
            repo = {
                branch = "master",
                commit = "de0ced6a54566244ad2e505722dbf049ced7f256",
                url = "https://gitee.com/tboox/xmake-repo.git"
            },
            version = "2024.01.04"
        },
        ["pkgconf#f56260b5"] = {
            repo = {
                branch = "master",
                commit = "de0ced6a54566244ad2e505722dbf049ced7f256",
                url = "https://gitee.com/tboox/xmake-repo.git"
            },
            version = "2.5.1"
        },
        ["python 3.x#f56260b5"] = {
            repo = {
                branch = "master",
                commit = "de0ced6a54566244ad2e505722dbf049ced7f256",
                url = "https://gitee.com/tboox/xmake-repo.git"
            },
            version = "3.13.2"
        },
        ["stb 2025.03.14#f56260b5"] = {
            repo = {
                branch = "master",
                commit = "de0ced6a54566244ad2e505722dbf049ced7f256",
                url = "https://gitee.com/tboox/xmake-repo.git"
            },
            version = "2025.03.14"
        },
        ["thorvg v1.0-pre10#f56260b5"] = {
            repo = {
                branch = "master",
                commit = "de0ced6a54566244ad2e505722dbf049ced7f256",
                url = "https://gitee.com/tboox/xmake-repo.git"
            },
            version = "v1.0-pre10"
        }
    }
}